
Microsoft Visual Studio Solution File, Format Version 12.00
# Visual Studio Version 16
VisualStudioVersion = 16.0.31729.503
MinimumVisualStudioVersion = 10.0.40219.1
Project("{FAE04EC0-301F-11D3-BF4B-00C04F79EFBC}") = "WindowsFormsApp22", "WindowsFormsApp22\WindowsFormsApp22.csproj", "{0DD55936-FC4A-4D11-8478-9BE227618FC0}"
EndProject
Global
	GlobalSection(SolutionConfigurationPlatforms) = preSolution
		Debug|Any CPU = Debug|Any CPU
		Release|Any CPU = Release|Any CPU
	EndGlobalSection
	GlobalSection(ProjectConfigurationPlatforms) = postSolution
		{0DD55936-FC4A-4D11-8478-9BE227618FC0}.Debug|Any CPU.ActiveCfg = Debug|Any CPU
		{0DD55936-FC4A-4D11-8478-9BE227618FC0}.Debug|Any CPU.Build.0 = Debug|Any CPU
		{0DD55936-FC4A-4D11-8478-9BE227618FC0}.Release|Any CPU.ActiveCfg = Release|Any CPU
		{0DD55936-FC4A-4D11-8478-9BE227618FC0}.Release|Any CPU.Build.0 = Release|Any CPU
	EndGlobalSection
	GlobalSection(SolutionProperties) = preSolution
		HideSolutionNode = FALSE
	EndGlobalSection
	GlobalSection(ExtensibilityGlobals) = postSolution
		SolutionGuid = {0F99944B-4863-485D-BFAC-EC49D6C19638}
	EndGlobalSection
EndGlobal
